
Microsoft Visual Studio Solution File, Format Version 12.00
# Visual Studio Version 17
VisualStudioVersion = 17.5.33414.496
MinimumVisualStudioVersion = 10.0.40219.1
Project("{FAE04EC0-301F-11D3-BF4B-00C04F79EFBC}") = "Models", "Models\Models.csproj", "{5D19F3B9-34D2-455D-BD43-C590B5436A1B}"
EndProject
Project("{FAE04EC0-301F-11D3-BF4B-00C04F79EFBC}") = "DataAcess", "DataAcess\DataAcess.csproj", "{E23DACA0-8908-4351-B230-6716ADFE0160}"
EndProject
Project("{FAE04EC0-301F-11D3-BF4B-00C04F79EFBC}") = "CRUD TASK", "CRUD TASK\CRUD TASK.csproj", "{0643C026-6D6E-4633-8F63-4BE248778927}"
EndProject
Global
	GlobalSection(SolutionConfigurationPlatforms) = preSolution
		Debug|Any CPU = Debug|Any CPU
		Release|Any CPU = Release|Any CPU
	EndGlobalSection
	GlobalSection(ProjectConfigurationPlatforms) = postSolution
		{5D19F3B9-34D2-455D-BD43-C590B5436A1B}.Debug|Any CPU.ActiveCfg = Debug|Any CPU
		{5D19F3B9-34D2-455D-BD43-C590B5436A1B}.Debug|Any CPU.Build.0 = Debug|Any CPU
		{5D19F3B9-34D2-455D-BD43-C590B5436A1B}.Release|Any CPU.ActiveCfg = Release|Any CPU
		{5D19F3B9-34D2-455D-BD43-C590B5436A1B}.Release|Any CPU.Build.0 = Release|Any CPU
		{E23DACA0-8908-4351-B230-6716ADFE0160}.Debug|Any CPU.ActiveCfg = Debug|Any CPU
		{E23DACA0-8908-4351-B230-6716ADFE0160}.Debug|Any CPU.Build.0 = Debug|Any CPU
		{E23DACA0-8908-4351-B230-6716ADFE0160}.Release|Any CPU.ActiveCfg = Release|Any CPU
		{E23DACA0-8908-4351-B230-6716ADFE0160}.Release|Any CPU.Build.0 = Release|Any CPU
		{0643C026-6D6E-4633-8F63-4BE248778927}.Debug|Any CPU.ActiveCfg = Debug|Any CPU
		{0643C026-6D6E-4633-8F63-4BE248778927}.Debug|Any CPU.Build.0 = Debug|Any CPU
		{0643C026-6D6E-4633-8F63-4BE248778927}.Release|Any CPU.ActiveCfg = Release|Any CPU
		{0643C026-6D6E-4633-8F63-4BE248778927}.Release|Any CPU.Build.0 = Release|Any CPU
	EndGlobalSection
	GlobalSection(SolutionProperties) = preSolution
		HideSolutionNode = FALSE
	EndGlobalSection
	GlobalSection(ExtensibilityGlobals) = postSolution
		SolutionGuid = {58CB7DC0-2CB1-453D-A820-588988A24C27}
	EndGlobalSection
EndGlobal
